
Microsoft Visual Studio Solution File, Format Version 12.00
# Visual Studio Version 17
VisualStudioVersion = 17.8.34525.116
MinimumVisualStudioVersion = 10.0.40219.1
Project("{FAE04EC0-301F-11D3-BF4B-00C04F79EFBC}") = "Tabirao_LongQuiz", "Tabirao_LongQuiz\Tabirao_LongQuiz.csproj", "{43A7F46C-0FAE-48A1-B723-3C0BA7EAEAF3}"
EndProject
Project("{FAE04EC0-301F-11D3-BF4B-00C04F79EFBC}") = "DataHelper", "DataHelper\DataHelper.csproj", "{DB580937-6AF7-4D8E-B77B-318B8F91C0F0}"
EndProject
Global
	GlobalSection(SolutionConfigurationPlatforms) = preSolution
		Debug|Any CPU = Debug|Any CPU
		Release|Any CPU = Release|Any CPU
	EndGlobalSection
	GlobalSection(ProjectConfigurationPlatforms) = postSolution
		{43A7F46C-0FAE-48A1-B723-3C0BA7EAEAF3}.Debug|Any CPU.ActiveCfg = Debug|Any CPU
		{43A7F46C-0FAE-48A1-B723-3C0BA7EAEAF3}.Debug|Any CPU.Build.0 = Debug|Any CPU
		{43A7F46C-0FAE-48A1-B723-3C0BA7EAEAF3}.Release|Any CPU.ActiveCfg = Release|Any CPU
		{43A7F46C-0FAE-48A1-B723-3C0BA7EAEAF3}.Release|Any CPU.Build.0 = Release|Any CPU
		{DB580937-6AF7-4D8E-B77B-318B8F91C0F0}.Debug|Any CPU.ActiveCfg = Debug|Any CPU
		{DB580937-6AF7-4D8E-B77B-318B8F91C0F0}.Debug|Any CPU.Build.0 = Debug|Any CPU
		{DB580937-6AF7-4D8E-B77B-318B8F91C0F0}.Release|Any CPU.ActiveCfg = Release|Any CPU
		{DB580937-6AF7-4D8E-B77B-318B8F91C0F0}.Release|Any CPU.Build.0 = Release|Any CPU
	EndGlobalSection
	GlobalSection(SolutionProperties) = preSolution
		HideSolutionNode = FALSE
	EndGlobalSection
	GlobalSection(ExtensibilityGlobals) = postSolution
		SolutionGuid = {87DE2EDF-CCDA-4808-B6EF-225B66F9D955}
	EndGlobalSection
EndGlobal
